
Microsoft Visual Studio Solution File, Format Version 12.00
# Visual Studio Version 16
VisualStudioVersion = 16.0.30503.244
MinimumVisualStudioVersion = 10.0.40219.1
Project("{9A19103F-16F7-4668-BE54-9A1E7A4F7556}") = "MVCBasics", "MVCBasics\MVCBasics.csproj", "{6AC51AFA-08B5-47B1-8B4A-97CF8099D273}"
EndProject
Project("{9A19103F-16F7-4668-BE54-9A1E7A4F7556}") = "DataLayer", "DataLayer\DataLayer.csproj", "{20D91AA8-0A54-4448-B285-64F9A55A2763}"
EndProject
Project("{9A19103F-16F7-4668-BE54-9A1E7A4F7556}") = "Models", "Models\Models.csproj", "{19698274-46F4-43BC-BC16-D03F094758E9}"
EndProject
Project("{9A19103F-16F7-4668-BE54-9A1E7A4F7556}") = "FormAuth", "FormAuth\FormAuth.csproj", "{2C8E7E85-561C-412A-8752-ECDFA71BE664}"
EndProject
Project("{FAE04EC0-301F-11D3-BF4B-00C04F79EFBC}") = "FormsDemo", "FormsDemo\FormsDemo.csproj", "{46CED27F-77E8-4B70-B77E-A52D9ABFC75A}"
EndProject
Project("{FAE04EC0-301F-11D3-BF4B-00C04F79EFBC}") = "LINQPrograms", "LINQPrograms\LINQPrograms.csproj", "{B1EEC593-A2AF-4618-8E6F-5C88A97B54C7}"
EndProject
Global
	GlobalSection(SolutionConfigurationPlatforms) = preSolution
		Debug|Any CPU = Debug|Any CPU
		Release|Any CPU = Release|Any CPU
	EndGlobalSection
	GlobalSection(ProjectConfigurationPlatforms) = postSolution
		{6AC51AFA-08B5-47B1-8B4A-97CF8099D273}.Debug|Any CPU.ActiveCfg = Debug|Any CPU
		{6AC51AFA-08B5-47B1-8B4A-97CF8099D273}.Debug|Any CPU.Build.0 = Debug|Any CPU
		{6AC51AFA-08B5-47B1-8B4A-97CF8099D273}.Release|Any CPU.ActiveCfg = Release|Any CPU
		{6AC51AFA-08B5-47B1-8B4A-97CF8099D273}.Release|Any CPU.Build.0 = Release|Any CPU
		{20D91AA8-0A54-4448-B285-64F9A55A2763}.Debug|Any CPU.ActiveCfg = Debug|Any CPU
		{20D91AA8-0A54-4448-B285-64F9A55A2763}.Debug|Any CPU.Build.0 = Debug|Any CPU
		{20D91AA8-0A54-4448-B285-64F9A55A2763}.Release|Any CPU.ActiveCfg = Release|Any CPU
		{20D91AA8-0A54-4448-B285-64F9A55A2763}.Release|Any CPU.Build.0 = Release|Any CPU
		{19698274-46F4-43BC-BC16-D03F094758E9}.Debug|Any CPU.ActiveCfg = Debug|Any CPU
		{19698274-46F4-43BC-BC16-D03F094758E9}.Debug|Any CPU.Build.0 = Debug|Any CPU
		{19698274-46F4-43BC-BC16-D03F094758E9}.Release|Any CPU.ActiveCfg = Release|Any CPU
		{19698274-46F4-43BC-BC16-D03F094758E9}.Release|Any CPU.Build.0 = Release|Any CPU
		{2C8E7E85-561C-412A-8752-ECDFA71BE664}.Debug|Any CPU.ActiveCfg = Debug|Any CPU
		{2C8E7E85-561C-412A-8752-ECDFA71BE664}.Debug|Any CPU.Build.0 = Debug|Any CPU
		{2C8E7E85-561C-412A-8752-ECDFA71BE664}.Release|Any CPU.ActiveCfg = Release|Any CPU
		{2C8E7E85-561C-412A-8752-ECDFA71BE664}.Release|Any CPU.Build.0 = Release|Any CPU
		{46CED27F-77E8-4B70-B77E-A52D9ABFC75A}.Debug|Any CPU.ActiveCfg = Debug|Any CPU
		{46CED27F-77E8-4B70-B77E-A52D9ABFC75A}.Debug|Any CPU.Build.0 = Debug|Any CPU
		{46CED27F-77E8-4B70-B77E-A52D9ABFC75A}.Release|Any CPU.ActiveCfg = Release|Any CPU
		{46CED27F-77E8-4B70-B77E-A52D9ABFC75A}.Release|Any CPU.Build.0 = Release|Any CPU
		{B1EEC593-A2AF-4618-8E6F-5C88A97B54C7}.Debug|Any CPU.ActiveCfg = Debug|Any CPU
		{B1EEC593-A2AF-4618-8E6F-5C88A97B54C7}.Debug|Any CPU.Build.0 = Debug|Any CPU
		{B1EEC593-A2AF-4618-8E6F-5C88A97B54C7}.Release|Any CPU.ActiveCfg = Release|Any CPU
		{B1EEC593-A2AF-4618-8E6F-5C88A97B54C7}.Release|Any CPU.Build.0 = Release|Any CPU
	EndGlobalSection
	GlobalSection(SolutionProperties) = preSolution
		HideSolutionNode = FALSE
	EndGlobalSection
	GlobalSection(ExtensibilityGlobals) = postSolution
		SolutionGuid = {811E7D72-E912-4645-9494-BD35EF19D615}
	EndGlobalSection
EndGlobal
